
Microsoft Visual Studio Solution File, Format Version 12.00
# Visual Studio Version 16
VisualStudioVersion = 16.0.29215.179
MinimumVisualStudioVersion = 10.0.40219.1
Project("{FAE04EC0-301F-11D3-BF4B-00C04F79EFBC}") = "LDCReFormatedStringReturn.Tests", "LDCReFormatedStringReturn.Tests.csproj", "{11D034F8-D2B6-4E9E-9A9F-4F5CD97321F6}"
EndProject
Global
	GlobalSection(SolutionConfigurationPlatforms) = preSolution
		Debug|Any CPU = Debug|Any CPU
		Release|Any CPU = Release|Any CPU
	EndGlobalSection
	GlobalSection(ProjectConfigurationPlatforms) = postSolution
		{11D034F8-D2B6-4E9E-9A9F-4F5CD97321F6}.Debug|Any CPU.ActiveCfg = Debug|Any CPU
		{11D034F8-D2B6-4E9E-9A9F-4F5CD97321F6}.Debug|Any CPU.Build.0 = Debug|Any CPU
		{11D034F8-D2B6-4E9E-9A9F-4F5CD97321F6}.Release|Any CPU.ActiveCfg = Release|Any CPU
		{11D034F8-D2B6-4E9E-9A9F-4F5CD97321F6}.Release|Any CPU.Build.0 = Release|Any CPU
	EndGlobalSection
	GlobalSection(SolutionProperties) = preSolution
		HideSolutionNode = FALSE
	EndGlobalSection
	GlobalSection(ExtensibilityGlobals) = postSolution
		SolutionGuid = {6B209B55-15E2-4AA5-8E27-781D59CB453B}
	EndGlobalSection
EndGlobal
